PODS:
  - CocoaLumberjack (1.7.0):
    - CocoaLumberjack/Core (= 1.7.0)
    - CocoaLumberjack/Extensions (= 1.7.0)
  - CocoaLumberjack/Core (1.7.0)
  - CocoaLumberjack/Extensions (1.7.0):
    - CocoaLumberjack/Core

DEPENDENCIES:
  - CocoaLumberjack

SPEC CHECKSUMS:
  CocoaLumberjack: a2213b8410917a1a5ecfc5c63a4206edc24d3a5b

COCOAPODS: 0.38.2
