PODS:
  - CocoaLumberjack (2.4.0):
    - CocoaLumberjack/Default (= 2.4.0)
    - CocoaLumberjack/Extensions (= 2.4.0)
  - CocoaLumberjack/Core (2.4.0)
  - CocoaLumberjack/Default (2.4.0):
    - CocoaLumberjack/Core
  - CocoaLumberjack/Extensions (2.4.0):
    - CocoaLumberjack/Default
  - UIForLumberjack (1.0.3):
    - CocoaLumberjack (~> 2.0)

DEPENDENCIES:
  - CocoaLumberjack
  - UIForLumberjack (from `../`)

EXTERNAL SOURCES:
  UIForLumberjack:
    :path: ../

SPEC CHECKSUMS:
  CocoaLumberjack: aa9dcab71bdf9eaf2a63bbd9ddc87863efe45457
  UIForLumberjack: bea973b5a84fe7d3cb56730b271ed1b309428b19

PODFILE CHECKSUM: f56845a350116ea5aa99e6ae3d0174fe49da53e1

COCOAPODS: 1.4.0
