PODS:
  - CocoaLumberjack (1.7.0):
    - CocoaLumberjack/Core
    - CocoaLumberjack/Extensions
  - CocoaLumberjack/Core (1.7.0)
  - CocoaLumberjack/Extensions (1.7.0):
    - CocoaLumberjack/Core
  - UIForLumberjack (0.0.1):
    - CocoaLumberjack (~> 1.7)

DEPENDENCIES:
  - CocoaLumberjack
  - UIForLumberjack (from `../`)

EXTERNAL SOURCES:
  UIForLumberjack:
    :path: ../

SPEC CHECKSUMS:
  CocoaLumberjack: be87113f649942f020a37c061c58009b6ee5ff68
  UIForLumberjack: 6f2f90825985a762c63703c76b3bb22e3b777a2b

COCOAPODS: 0.29.0
